
Microsoft Visual Studio Solution File, Format Version 12.00
# Visual Studio Version 16
VisualStudioVersion = 16.0.28803.156
MinimumVisualStudioVersion = 10.0.40219.1
Project("{FAE04EC0-301F-11D3-BF4B-00C04F79EFBC}") = "MS.SalesOrderManagement.MessageQueues", "MS.SalesOrderManagement.MessageQueues\MS.SalesOrderManagement.MessageQueues.csproj", "{0E1C2B1B-C6E0-4C40-8D8E-CE0201AABC8A}"
EndProject
Project("{9A19103F-16F7-4668-BE54-9A1E7A4F7556}") = "MS.Common", "..\MS.Common\MS.Common\MS.Common.csproj", "{EA4B02FB-B30A-4DF0-B6C9-32AA698392DF}"
EndProject
Project("{9A19103F-16F7-4668-BE54-9A1E7A4F7556}") = "MS.SalesOrderManagement.Data", "MS.SalesOrderManagement.Data\MS.SalesOrderManagement.Data.csproj", "{9DCA0797-2FF9-4196-AB46-48A8CF5A8A02}"
EndProject
Project("{9A19103F-16F7-4668-BE54-9A1E7A4F7556}") = "MS.SalesOrderManagement.Service", "MS.SalesOrderManagement.Service\MS.SalesOrderManagement.Service.csproj", "{B4AF703A-2125-4660-9781-EF622C6BD69F}"
EndProject
Global
	GlobalSection(SolutionConfigurationPlatforms) = preSolution
		Debug|Any CPU = Debug|Any CPU
		Release|Any CPU = Release|Any CPU
	EndGlobalSection
	GlobalSection(ProjectConfigurationPlatforms) = postSolution
		{0E1C2B1B-C6E0-4C40-8D8E-CE0201AABC8A}.Debug|Any CPU.ActiveCfg = Debug|Any CPU
		{0E1C2B1B-C6E0-4C40-8D8E-CE0201AABC8A}.Debug|Any CPU.Build.0 = Debug|Any CPU
		{0E1C2B1B-C6E0-4C40-8D8E-CE0201AABC8A}.Release|Any CPU.ActiveCfg = Release|Any CPU
		{0E1C2B1B-C6E0-4C40-8D8E-CE0201AABC8A}.Release|Any CPU.Build.0 = Release|Any CPU
		{EA4B02FB-B30A-4DF0-B6C9-32AA698392DF}.Debug|Any CPU.ActiveCfg = Debug|Any CPU
		{EA4B02FB-B30A-4DF0-B6C9-32AA698392DF}.Debug|Any CPU.Build.0 = Debug|Any CPU
		{EA4B02FB-B30A-4DF0-B6C9-32AA698392DF}.Release|Any CPU.ActiveCfg = Release|Any CPU
		{EA4B02FB-B30A-4DF0-B6C9-32AA698392DF}.Release|Any CPU.Build.0 = Release|Any CPU
		{9DCA0797-2FF9-4196-AB46-48A8CF5A8A02}.Debug|Any CPU.ActiveCfg = Debug|Any CPU
		{9DCA0797-2FF9-4196-AB46-48A8CF5A8A02}.Debug|Any CPU.Build.0 = Debug|Any CPU
		{9DCA0797-2FF9-4196-AB46-48A8CF5A8A02}.Release|Any CPU.ActiveCfg = Release|Any CPU
		{9DCA0797-2FF9-4196-AB46-48A8CF5A8A02}.Release|Any CPU.Build.0 = Release|Any CPU
		{B4AF703A-2125-4660-9781-EF622C6BD69F}.Debug|Any CPU.ActiveCfg = Debug|Any CPU
		{B4AF703A-2125-4660-9781-EF622C6BD69F}.Debug|Any CPU.Build.0 = Debug|Any CPU
		{B4AF703A-2125-4660-9781-EF622C6BD69F}.Release|Any CPU.ActiveCfg = Release|Any CPU
		{B4AF703A-2125-4660-9781-EF622C6BD69F}.Release|Any CPU.Build.0 = Release|Any CPU
	EndGlobalSection
	GlobalSection(SolutionProperties) = preSolution
		HideSolutionNode = FALSE
	EndGlobalSection
	GlobalSection(ExtensibilityGlobals) = postSolution
		SolutionGuid = {641E4A89-15B4-407D-9FC0-952BFF6A2FB4}
	EndGlobalSection
EndGlobal
