
Microsoft Visual Studio Solution File, Format Version 12.00
# Visual Studio Version 16
VisualStudioVersion = 16.0.28803.156
MinimumVisualStudioVersion = 10.0.40219.1
Project("{9A19103F-16F7-4668-BE54-9A1E7A4F7556}") = "MS.InventoryManagement.WebAPI", "MS.InventoryManagement.WebAPI\MS.InventoryManagement.WebAPI.csproj", "{6AE29447-9B45-4A7A-9781-A7BF44BE6DC0}"
EndProject
Project("{9A19103F-16F7-4668-BE54-9A1E7A4F7556}") = "MS.InventoryManagement.Data", "MS.InventoryManagement.Data\MS.InventoryManagement.Data.csproj", "{954A2773-1755-4A57-908F-E41E0B7DEA4E}"
EndProject
Project("{9A19103F-16F7-4668-BE54-9A1E7A4F7556}") = "MS.InventoryManagement.Service", "MS.InventoryManagement.Service\MS.InventoryManagement.Service.csproj", "{C1EB0574-B8AF-4970-AE94-B58CEBB53125}"
EndProject
Project("{9A19103F-16F7-4668-BE54-9A1E7A4F7556}") = "MS.Common", "..\MS.Common\MS.Common\MS.Common.csproj", "{BFA8F4E8-1AD0-4F3A-A481-FA7495EE48BD}"
EndProject
Global
	GlobalSection(SolutionConfigurationPlatforms) = preSolution
		Debug|Any CPU = Debug|Any CPU
		Release|Any CPU = Release|Any CPU
	EndGlobalSection
	GlobalSection(ProjectConfigurationPlatforms) = postSolution
		{6AE29447-9B45-4A7A-9781-A7BF44BE6DC0}.Debug|Any CPU.ActiveCfg = Debug|Any CPU
		{6AE29447-9B45-4A7A-9781-A7BF44BE6DC0}.Debug|Any CPU.Build.0 = Debug|Any CPU
		{6AE29447-9B45-4A7A-9781-A7BF44BE6DC0}.Release|Any CPU.ActiveCfg = Release|Any CPU
		{6AE29447-9B45-4A7A-9781-A7BF44BE6DC0}.Release|Any CPU.Build.0 = Release|Any CPU
		{954A2773-1755-4A57-908F-E41E0B7DEA4E}.Debug|Any CPU.ActiveCfg = Debug|Any CPU
		{954A2773-1755-4A57-908F-E41E0B7DEA4E}.Debug|Any CPU.Build.0 = Debug|Any CPU
		{954A2773-1755-4A57-908F-E41E0B7DEA4E}.Release|Any CPU.ActiveCfg = Release|Any CPU
		{954A2773-1755-4A57-908F-E41E0B7DEA4E}.Release|Any CPU.Build.0 = Release|Any CPU
		{C1EB0574-B8AF-4970-AE94-B58CEBB53125}.Debug|Any CPU.ActiveCfg = Debug|Any CPU
		{C1EB0574-B8AF-4970-AE94-B58CEBB53125}.Debug|Any CPU.Build.0 = Debug|Any CPU
		{C1EB0574-B8AF-4970-AE94-B58CEBB53125}.Release|Any CPU.ActiveCfg = Release|Any CPU
		{C1EB0574-B8AF-4970-AE94-B58CEBB53125}.Release|Any CPU.Build.0 = Release|Any CPU
		{BFA8F4E8-1AD0-4F3A-A481-FA7495EE48BD}.Debug|Any CPU.ActiveCfg = Debug|Any CPU
		{BFA8F4E8-1AD0-4F3A-A481-FA7495EE48BD}.Debug|Any CPU.Build.0 = Debug|Any CPU
		{BFA8F4E8-1AD0-4F3A-A481-FA7495EE48BD}.Release|Any CPU.ActiveCfg = Release|Any CPU
		{BFA8F4E8-1AD0-4F3A-A481-FA7495EE48BD}.Release|Any CPU.Build.0 = Release|Any CPU
	EndGlobalSection
	GlobalSection(SolutionProperties) = preSolution
		HideSolutionNode = FALSE
	EndGlobalSection
	GlobalSection(ExtensibilityGlobals) = postSolution
		SolutionGuid = {FF65C353-1844-4CC1-8AFB-F204E78CC5C9}
	EndGlobalSection
EndGlobal
