
Microsoft Visual Studio Solution File, Format Version 12.00
# Visual Studio Version 16
VisualStudioVersion = 16.0.28803.156
MinimumVisualStudioVersion = 10.0.40219.1
Project("{FAE04EC0-301F-11D3-BF4B-00C04F79EFBC}") = "MS.Common", "MS.Common\MS.Common.csproj", "{0E72F4FF-3CCE-4E33-9AD2-77104933AD41}"
EndProject
Global
	GlobalSection(SolutionConfigurationPlatforms) = preSolution
		Debug|Any CPU = Debug|Any CPU
		Release|Any CPU = Release|Any CPU
	EndGlobalSection
	GlobalSection(ProjectConfigurationPlatforms) = postSolution
		{0E72F4FF-3CCE-4E33-9AD2-77104933AD41}.Debug|Any CPU.ActiveCfg = Debug|Any CPU
		{0E72F4FF-3CCE-4E33-9AD2-77104933AD41}.Debug|Any CPU.Build.0 = Debug|Any CPU
		{0E72F4FF-3CCE-4E33-9AD2-77104933AD41}.Release|Any CPU.ActiveCfg = Release|Any CPU
		{0E72F4FF-3CCE-4E33-9AD2-77104933AD41}.Release|Any CPU.Build.0 = Release|Any CPU
	EndGlobalSection
	GlobalSection(SolutionProperties) = preSolution
		HideSolutionNode = FALSE
	EndGlobalSection
	GlobalSection(ExtensibilityGlobals) = postSolution
		SolutionGuid = {5A7D2D4B-D3C8-48D4-ADBF-EE37776D053A}
	EndGlobalSection
EndGlobal
